{
  "name": "newnode.app",
  "version": "1.0.0",
  "lockfileVersion": 1,
  "requires": true,
  "dependencies": {
    "beepbeep": {
      "version": "1.2.2",
      "resolved": "https://registry.npmjs.org/beepbeep/-/beepbeep-1.2.2.tgz",
      "integrity": "sha512-6Kz/q06tpY/rMlB+vmq1vFGkGwfSolJlbxR3QUZOFSlPSfYUpPMo43o25xu6ou1GaoTiXV8adlelhewilup0Ag=="
    }
  }
}
